
Microsoft Visual Studio Solution File, Format Version 12.00
# Visual Studio Version 16
VisualStudioVersion = 16.0.29911.84
MinimumVisualStudioVersion = 10.0.40219.1
Project("{FAE04EC0-301F-11D3-BF4B-00C04F79EFBC}") = "pochta_EZP_API", "pochta_EZP_API\pochta_EZP_API.csproj", "{665834B5-6D98-4A76-812B-AEDC946ECC37}"
EndProject
Global
	GlobalSection(SolutionConfigurationPlatforms) = preSolution
		Debug|Any CPU = Debug|Any CPU
		Release|Any CPU = Release|Any CPU
	EndGlobalSection
	GlobalSection(ProjectConfigurationPlatforms) = postSolution
		{665834B5-6D98-4A76-812B-AEDC946ECC37}.Debug|Any CPU.ActiveCfg = Debug|Any CPU
		{665834B5-6D98-4A76-812B-AEDC946ECC37}.Debug|Any CPU.Build.0 = Debug|Any CPU
		{665834B5-6D98-4A76-812B-AEDC946ECC37}.Release|Any CPU.ActiveCfg = Release|Any CPU
		{665834B5-6D98-4A76-812B-AEDC946ECC37}.Release|Any CPU.Build.0 = Release|Any CPU
	EndGlobalSection
	GlobalSection(SolutionProperties) = preSolution
		HideSolutionNode = FALSE
	EndGlobalSection
	GlobalSection(ExtensibilityGlobals) = postSolution
		SolutionGuid = {83FDC016-D4EC-45BB-B478-D76A696E0EAF}
	EndGlobalSection
EndGlobal
